
Microsoft Visual Studio Solution File, Format Version 12.00
# Visual Studio 15
Project("{FAE04EC0-301F-11D3-BF4B-00C04F79EFBC}") = "Assembly-CSharp", "Assembly-CSharp.csproj", "{0025423D-D0E2-B5A7-DC26-6DC9428A335F}"
EndProject
Project("{FAE04EC0-301F-11D3-BF4B-00C04F79EFBC}") = "Assembly-CSharp-Editor-firstpass", "Assembly-CSharp-Editor-firstpass.csproj", "{A8582271-A440-B648-1680-9BAF1724404C}"
EndProject
Global
	GlobalSection(SolutionConfigurationPlatforms) = preSolution
		Debug|Any CPU = Debug|Any CPU
		Release|Any CPU = Release|Any CPU
	EndGlobalSection
	GlobalSection(ProjectConfigurationPlatforms) = postSolution
		{0025423D-D0E2-B5A7-DC26-6DC9428A335F}.Debug|Any CPU.ActiveCfg = Debug|Any CPU
		{0025423D-D0E2-B5A7-DC26-6DC9428A335F}.Debug|Any CPU.Build.0 = Debug|Any CPU
		{0025423D-D0E2-B5A7-DC26-6DC9428A335F}.Release|Any CPU.ActiveCfg = Release|Any CPU
		{0025423D-D0E2-B5A7-DC26-6DC9428A335F}.Release|Any CPU.Build.0 = Release|Any CPU
		{A8582271-A440-B648-1680-9BAF1724404C}.Debug|Any CPU.ActiveCfg = Debug|Any CPU
		{A8582271-A440-B648-1680-9BAF1724404C}.Debug|Any CPU.Build.0 = Debug|Any CPU
		{A8582271-A440-B648-1680-9BAF1724404C}.Release|Any CPU.ActiveCfg = Release|Any CPU
		{A8582271-A440-B648-1680-9BAF1724404C}.Release|Any CPU.Build.0 = Release|Any CPU
	EndGlobalSection
	GlobalSection(SolutionProperties) = preSolution
		HideSolutionNode = FALSE
	EndGlobalSection
	GlobalSection(MonoDevelopProperties) = preSolution
		StartupItem = Assembly-CSharp.csproj
	EndGlobalSection
EndGlobal
